
Microsoft Visual Studio Solution File, Format Version 12.00
# Visual Studio Version 17
VisualStudioVersion = 17.6.33815.320
MinimumVisualStudioVersion = 10.0.40219.1
Project("{FAE04EC0-301F-11D3-BF4B-00C04F79EFBC}") = "TgChinaBot", "TgChinaBot\TgChinaBot.csproj", "{5A3CA104-8B65-4A69-865A-746F7231531A}"
EndProject
Global
	GlobalSection(SolutionConfigurationPlatforms) = preSolution
		Debug|Any CPU = Debug|Any CPU
		Release|Any CPU = Release|Any CPU
	EndGlobalSection
	GlobalSection(ProjectConfigurationPlatforms) = postSolution
		{5A3CA104-8B65-4A69-865A-746F7231531A}.Debug|Any CPU.ActiveCfg = Debug|Any CPU
		{5A3CA104-8B65-4A69-865A-746F7231531A}.Debug|Any CPU.Build.0 = Debug|Any CPU
		{5A3CA104-8B65-4A69-865A-746F7231531A}.Release|Any CPU.ActiveCfg = Release|Any CPU
		{5A3CA104-8B65-4A69-865A-746F7231531A}.Release|Any CPU.Build.0 = Release|Any CPU
	EndGlobalSection
	GlobalSection(SolutionProperties) = preSolution
		HideSolutionNode = FALSE
	EndGlobalSection
	GlobalSection(ExtensibilityGlobals) = postSolution
		SolutionGuid = {8DC2045E-F774-4304-933E-9B432CA537A7}
	EndGlobalSection
EndGlobal
